
Microsoft Visual Studio Solution File, Format Version 12.00
# Visual Studio 15
VisualStudioVersion = 15.0.27703.2026
MinimumVisualStudioVersion = 10.0.40219.1
Project("{FAE04EC0-301F-11D3-BF4B-00C04F79EFBC}") = "GetEdges", "GetEdges\GetEdges.csproj", "{BCB5A711-437F-4BBF-ACA9-ABDC15C0EBFB}"
EndProject
Project("{FAE04EC0-301F-11D3-BF4B-00C04F79EFBC}") = "XUnitTestProject1", "XUnitTestProject1\XUnitTestProject1.csproj", "{74042986-A8C6-4B29-98BF-F2D79436807E}"
EndProject
Global
	GlobalSection(SolutionConfigurationPlatforms) = preSolution
		Debug|Any CPU = Debug|Any CPU
		Release|Any CPU = Release|Any CPU
	EndGlobalSection
	GlobalSection(ProjectConfigurationPlatforms) = postSolution
		{BCB5A711-437F-4BBF-ACA9-ABDC15C0EBFB}.Debug|Any CPU.ActiveCfg = Debug|Any CPU
		{BCB5A711-437F-4BBF-ACA9-ABDC15C0EBFB}.Debug|Any CPU.Build.0 = Debug|Any CPU
		{BCB5A711-437F-4BBF-ACA9-ABDC15C0EBFB}.Release|Any CPU.ActiveCfg = Release|Any CPU
		{BCB5A711-437F-4BBF-ACA9-ABDC15C0EBFB}.Release|Any CPU.Build.0 = Release|Any CPU
		{74042986-A8C6-4B29-98BF-F2D79436807E}.Debug|Any CPU.ActiveCfg = Debug|Any CPU
		{74042986-A8C6-4B29-98BF-F2D79436807E}.Debug|Any CPU.Build.0 = Debug|Any CPU
		{74042986-A8C6-4B29-98BF-F2D79436807E}.Release|Any CPU.ActiveCfg = Release|Any CPU
		{74042986-A8C6-4B29-98BF-F2D79436807E}.Release|Any CPU.Build.0 = Release|Any CPU
	EndGlobalSection
	GlobalSection(SolutionProperties) = preSolution
		HideSolutionNode = FALSE
	EndGlobalSection
	GlobalSection(ExtensibilityGlobals) = postSolution
		SolutionGuid = {3B39B46C-2B49-4A4C-B1DE-AE5D373ED77F}
	EndGlobalSection
EndGlobal
